{
  "name": "rrfamily-bot",
  "version": "1.0.0",
  "lockfileVersion": 3,
  "requires": true,
  "packages": {
    "": {
      "name": "rrfamily-bot",
      "version": "1.0.0",
      "license": "ISC",
      "dependencies": {
        "@cloudflare/workers-types": "^5.20260804.1",
        "hono": "^4.13.0"
      }
    },
    "node_modules/@cloudflare/workers-types": {
      "version": "5.20260804.1",
      "resolved": "https://registry.npmjs.org/@cloudflare/workers-types/-/workers-types-5.20260804.1.tgz",
      "integrity": "sha512-B1dwxpN6e5RZXZkE5zpZj+ooNeNZ1mwavLIyHDYe10ojhlGTwDfe8sAl7R1mMXc1cyIsbr+jKVdvmMEyVcdTdg==",
      "license": "MIT OR Apache-2.0"
    },
    "node_modules/hono": {
      "version": "4.13.0",
      "resolved": "https://registry.npmjs.org/hono/-/hono-4.13.0.tgz",
      "integrity": "sha512-jhunvfHWxd7J5EFfSgH4xsYJzSe/lfqbUCxiyyeaQasUsXeEHXtzVid+7EOGByc5JnFa23SSFL3Y2RV/z1T+eQ==",
      "license": "MIT",
      "engines": {
        "node": ">=16.9.0"
      }
    }
  }
}
